
Microsoft Visual Studio Solution File, Format Version 12.00
# Visual Studio 15
VisualStudioVersion = 15.0.28307.572
MinimumVisualStudioVersion = 10.0.40219.1
Project("{FAE04EC0-301F-11D3-BF4B-00C04F79EFBC}") = "Github", "Github\Github.csproj", "{A5F783C0-3AFA-4AEA-BFC7-5B7062E4CBC1}"
EndProject
Global
	GlobalSection(SolutionConfigurationPlatforms) = preSolution
		Debug|Any CPU = Debug|Any CPU
		Release|Any CPU = Release|Any CPU
	EndGlobalSection
	GlobalSection(ProjectConfigurationPlatforms) = postSolution
		{A5F783C0-3AFA-4AEA-BFC7-5B7062E4CBC1}.Debug|Any CPU.ActiveCfg = Debug|Any CPU
		{A5F783C0-3AFA-4AEA-BFC7-5B7062E4CBC1}.Debug|Any CPU.Build.0 = Debug|Any CPU
		{A5F783C0-3AFA-4AEA-BFC7-5B7062E4CBC1}.Release|Any CPU.ActiveCfg = Release|Any CPU
		{A5F783C0-3AFA-4AEA-BFC7-5B7062E4CBC1}.Release|Any CPU.Build.0 = Release|Any CPU
	EndGlobalSection
	GlobalSection(SolutionProperties) = preSolution
		HideSolutionNode = FALSE
	EndGlobalSection
	GlobalSection(ExtensibilityGlobals) = postSolution
		SolutionGuid = {7A2EB46A-0DE9-4B37-AE55-644FBB925579}
	EndGlobalSection
EndGlobal
